
Microsoft Visual Studio Solution File, Format Version 12.00
# Visual Studio Version 17
VisualStudioVersion = 17.4.33103.184
MinimumVisualStudioVersion = 10.0.40219.1
Project("{FAE04EC0-301F-11D3-BF4B-00C04F79EFBC}") = "CSHotelManagement", "CSHotelManagement\CSHotelManagement.csproj", "{9329B026-123B-4956-BE68-7DA8C01BCB28}"
EndProject
Global
	GlobalSection(SolutionConfigurationPlatforms) = preSolution
		Debug|Any CPU = Debug|Any CPU
		Release|Any CPU = Release|Any CPU
	EndGlobalSection
	GlobalSection(ProjectConfigurationPlatforms) = postSolution
		{9329B026-123B-4956-BE68-7DA8C01BCB28}.Debug|Any CPU.ActiveCfg = Debug|Any CPU
		{9329B026-123B-4956-BE68-7DA8C01BCB28}.Debug|Any CPU.Build.0 = Debug|Any CPU
		{9329B026-123B-4956-BE68-7DA8C01BCB28}.Release|Any CPU.ActiveCfg = Release|Any CPU
		{9329B026-123B-4956-BE68-7DA8C01BCB28}.Release|Any CPU.Build.0 = Release|Any CPU
	EndGlobalSection
	GlobalSection(SolutionProperties) = preSolution
		HideSolutionNode = FALSE
	EndGlobalSection
	GlobalSection(ExtensibilityGlobals) = postSolution
		SolutionGuid = {7429E94E-4A73-43EA-A44B-539A16CAB797}
	EndGlobalSection
EndGlobal
